# This file is automatically @generated by Cargo.
# It is not intended for manual editing.
[[package]]
name = "aoc"
version = "0.1.0"
dependencies = [
 "serde_scan 0.3.2 (registry+https://github.com/rust-lang/crates.io-index)",
]

[[package]]
name = "serde"
version = "1.0.100"
source = "registry+https://github.com/rust-lang/crates.io-index"

[[package]]
name = "serde_scan"
version = "0.3.2"
source = "registry+https://github.com/rust-lang/crates.io-index"
dependencies = [
 "serde 1.0.100 (registry+https://github.com/rust-lang/crates.io-index)",
]

[metadata]
"checksum serde 1.0.100 (registry+https://github.com/rust-lang/crates.io-index)" = "f4473e8506b213730ff2061073b48fa51dcc66349219e2e7c5608f0296a1d95a"
"checksum serde_scan 0.3.2 (registry+https://github.com/rust-lang/crates.io-index)" = "4d6cf8a36e01b0f2c53464875389056c7a269c234e781836dba3ad34ac99a6c4"
